{
  "name": "ai-nexus",
  "version": "0.1.0",
  "lockfileVersion": 3,
  "requires": true,
  "packages": {
    "": {
      "name": "ai-nexus",
      "version": "0.1.0",
      "workspaces": ["apps/*"]
    },
    "apps/api-edge": {
      "name": "@ai-nexus/api-edge",
      "version": "0.1.0",
      "devDependencies": {
        "@types/node": "22.15.30",
        "typescript": "5.9.2"
      }
    },
    "node_modules/@ai-nexus/api-edge": {
      "resolved": "apps/api-edge",
      "link": true
    },
    "node_modules/@types/node": {
      "version": "22.15.30",
      "dev": true,
      "dependencies": {"undici-types": "~6.21.0"}
    },
    "node_modules/typescript": {
      "version": "5.9.2",
      "dev": true
    },
    "node_modules/undici-types": {
      "version": "6.21.0",
      "dev": true
    }
  }
}
